{
  "requires": true,
  "lockfileVersion": 1,
  "dependencies": {
    "@fullcalendar/common": {
      "version": "5.5.0",
      "resolved": "https://registry.npmjs.org/@fullcalendar/common/-/common-5.5.0.tgz",
      "integrity": "sha512-xHsHRI2xnC4vDPdRaOkt03SGIEsmlcSTI6RVInI2PQKi3n4otgM4ej3WL4B010uT4IzrBlUvNm8HHEo/o3g8Ug==",
      "requires": {
        "ical.js": "^1.4.0",
        "tslib": "^2.0.3"
      }
    },
    "@fullcalendar/daygrid": {
      "version": "5.5.0",
      "resolved": "https://registry.npmjs.org/@fullcalendar/daygrid/-/daygrid-5.5.0.tgz",
      "integrity": "sha512-O/59C3ihElLsPnkjlD1xUgAf3v7WEARXVO+wZfASKtK14Ccux2MA9mWUA1+80m9q8on7SYL36ORhrea7GKy/qQ==",
      "requires": {
        "@fullcalendar/common": "~5.5.0",
        "tslib": "^2.0.3"
      }
    },
    "@fullcalendar/interaction": {
      "version": "5.5.0",
      "resolved": "https://registry.npmjs.org/@fullcalendar/interaction/-/interaction-5.5.0.tgz",
      "integrity": "sha512-LKc4VeESBkBkrI/sAtV++f4qUleYyt7STBrnuc5Mpojv7jg5x5XZ1rfOarLwRbEYSvbo6CwccDrsaLTbC1Qk2A==",
      "requires": {
        "@fullcalendar/common": "~5.5.0",
        "tslib": "^2.0.3"
      }
    },
    "@fullcalendar/timegrid": {
      "version": "5.5.0",
      "resolved": "https://registry.npmjs.org/@fullcalendar/timegrid/-/timegrid-5.5.0.tgz",
      "integrity": "sha512-Y4k3/ux031pL7WQWJnvJbGcOua+zg1BGn08xeycgBICNqVMIhKm++uCnLzCvHGDV4Gp7oRjNAw/nJw4M1kMoXg==",
      "requires": {
        "@fullcalendar/common": "~5.5.0",
        "@fullcalendar/daygrid": "~5.5.0",
        "tslib": "^2.0.3"
      }
    },
    "ical.js": {
      "version": "1.4.0",
      "resolved": "https://registry.npmjs.org/ical.js/-/ical.js-1.4.0.tgz",
      "integrity": "sha512-ltHZuOFNNjcyEYbzDgjemS7LWIFh2vydJeznxQHUh3dnarbxqOYsWONYteBVAq1MEOHnwXFGN2eskZReHclnrA=="
    },
    "tslib": {
      "version": "2.0.3",
      "resolved": "https://registry.npmjs.org/tslib/-/tslib-2.0.3.tgz",
      "integrity": "sha512-uZtkfKblCEQtZKBF6EBXVZeQNl82yqtDQdv+eck8u7tdPxjLu2/lp5/uPW+um2tpuxINHWy3GhiccY7QgEaVHQ=="
    }
  }
}
